
Microsoft Visual Studio Solution File, Format Version 12.00
# Visual Studio Version 16
VisualStudioVersion = 16.0.30517.126
MinimumVisualStudioVersion = 10.0.40219.1
Project("{9A19103F-16F7-4668-BE54-9A1E7A4F7556}") = "RecognitionLibrary", "RecognitionLibrary\RecognitionLibrary.csproj", "{D13E1912-59DE-4416-ADB5-94484EE3DF30}"
EndProject
Project("{9A19103F-16F7-4668-BE54-9A1E7A4F7556}") = "ConsoleApp", "..\ConsoleApp\ConsoleApp\ConsoleApp.csproj", "{5810DA4A-F9C3-4A32-8E46-926AF32E16D5}"
EndProject
Project("{FAE04EC0-301F-11D3-BF4B-00C04F79EFBC}") = "RecognitionUI", "RecognitionUI\RecognitionUI.csproj", "{A4B58E3F-6022-4B1F-9A7F-43E3BA19A313}"
EndProject
Global
	GlobalSection(SolutionConfigurationPlatforms) = preSolution
		Debug|Any CPU = Debug|Any CPU
		Release|Any CPU = Release|Any CPU
	EndGlobalSection
	GlobalSection(ProjectConfigurationPlatforms) = postSolution
		{D13E1912-59DE-4416-ADB5-94484EE3DF30}.Debug|Any CPU.ActiveCfg = Debug|Any CPU
		{D13E1912-59DE-4416-ADB5-94484EE3DF30}.Debug|Any CPU.Build.0 = Debug|Any CPU
		{D13E1912-59DE-4416-ADB5-94484EE3DF30}.Release|Any CPU.ActiveCfg = Release|Any CPU
		{D13E1912-59DE-4416-ADB5-94484EE3DF30}.Release|Any CPU.Build.0 = Release|Any CPU
		{5810DA4A-F9C3-4A32-8E46-926AF32E16D5}.Debug|Any CPU.ActiveCfg = Debug|Any CPU
		{5810DA4A-F9C3-4A32-8E46-926AF32E16D5}.Debug|Any CPU.Build.0 = Debug|Any CPU
		{5810DA4A-F9C3-4A32-8E46-926AF32E16D5}.Release|Any CPU.ActiveCfg = Release|Any CPU
		{5810DA4A-F9C3-4A32-8E46-926AF32E16D5}.Release|Any CPU.Build.0 = Release|Any CPU
		{A4B58E3F-6022-4B1F-9A7F-43E3BA19A313}.Debug|Any CPU.ActiveCfg = Debug|Any CPU
		{A4B58E3F-6022-4B1F-9A7F-43E3BA19A313}.Debug|Any CPU.Build.0 = Debug|Any CPU
		{A4B58E3F-6022-4B1F-9A7F-43E3BA19A313}.Release|Any CPU.ActiveCfg = Release|Any CPU
		{A4B58E3F-6022-4B1F-9A7F-43E3BA19A313}.Release|Any CPU.Build.0 = Release|Any CPU
	EndGlobalSection
	GlobalSection(SolutionProperties) = preSolution
		HideSolutionNode = FALSE
	EndGlobalSection
	GlobalSection(ExtensibilityGlobals) = postSolution
		SolutionGuid = {5B3F3DEE-0F69-4AFA-8998-B7D299E574EA}
	EndGlobalSection
EndGlobal
